
Microsoft Visual Studio Solution File, Format Version 12.00
# Visual Studio Version 16
VisualStudioVersion = 16.0.31515.178
MinimumVisualStudioVersion = 10.0.40219.1
Project("{FAE04EC0-301F-11D3-BF4B-00C04F79EFBC}") = "ConsoleApp1", "ConsoleApp1\ConsoleApp1.csproj", "{13764065-A2AA-4829-A4A7-05BD0C76C8DF}"
EndProject
Global
	GlobalSection(SolutionConfigurationPlatforms) = preSolution
		Debug|Any CPU = Debug|Any CPU
		Release|Any CPU = Release|Any CPU
	EndGlobalSection
	GlobalSection(ProjectConfigurationPlatforms) = postSolution
		{13764065-A2AA-4829-A4A7-05BD0C76C8DF}.Debug|Any CPU.ActiveCfg = Debug|Any CPU
		{13764065-A2AA-4829-A4A7-05BD0C76C8DF}.Debug|Any CPU.Build.0 = Debug|Any CPU
		{13764065-A2AA-4829-A4A7-05BD0C76C8DF}.Release|Any CPU.ActiveCfg = Release|Any CPU
		{13764065-A2AA-4829-A4A7-05BD0C76C8DF}.Release|Any CPU.Build.0 = Release|Any CPU
	EndGlobalSection
	GlobalSection(SolutionProperties) = preSolution
		HideSolutionNode = FALSE
	EndGlobalSection
	GlobalSection(ExtensibilityGlobals) = postSolution
		SolutionGuid = {68645595-6179-441B-BF40-76600FFCF317}
	EndGlobalSection
EndGlobal
